<?xml version="1.0" encoding="utf-8"?>
<Project ToolsVersion="4.0" xmlns="http://schemas.microsoft.com/developer/msbuild/2003">
  <ItemGroup>
    <ClInclude Include="src\Mantis.hpp" />
    <ClInclude Include="src\utils\logger.hpp" />
    <ClInclude Include="src\misc\iinit.hpp" />
    <ClInclude Include="src\misc\mantis_info.hpp" />
  </ItemGroup>
  <ItemGroup>
    <ClCompile Include="src\Mantis.cpp" />
    <ClCompile Include="src\Main.cpp" />
    <ClCompile Include="src\utils\logger.cpp" />
  </ItemGroup>
</Project>