<?xml version="1.0" encoding="utf-8"?>
<Project ToolsVersion="4.0" xmlns="http://schemas.microsoft.com/developer/msbuild/2003">
  <ItemGroup>
    <ClInclude Include="src\Mantis.hpp" />
    <ClInclude Include="src\utils\logger.hpp" />
    <ClInclude Include="src\misc\iinit.hpp" />
    <ClInclude Include="src\misc\mantis_info.hpp" />
    <ClInclude Include="src\utils\util.hpp" />
    <ClInclude Include="src\hooks\win_hooks.hpp" />
    <ClInclude Include="src\misc\macros.hpp" />
    <ClInclude Include="src\rendering\web_renderer.hpp" />
    <ClInclude Include="src\hooks\engine_hooks.hpp" />
    <ClInclude Include="src\web\web_client.hpp" />
    <ClInclude Include="src\utils\settings.hpp" />
    <ClInclude Include="src\sdk\cameras\c_camera.hpp" />
    <ClInclude Include="src\sdk\engine\variants\c_game_engine_base_variant.hpp" />
    <ClInclude Include="src\sdk\engine\variants\c_game_engine_sandbox_variant.hpp" />
    <ClInclude Include="src\sdk\engine\e_gametype.hpp" />
    <ClInclude Include="src\patches\engine_patches.hpp" />
    <ClInclude Include="src\sdk\backend\i_h3a_request.hpp" />
    <ClInclude Include="src\sdk\messages\c_message.h" />
    <ClInclude Include="src\sdk\messages\c_load_screen_message.h" />
    <ClInclude Include="src\local\user.hpp" />
  </ItemGroup>
  <ItemGroup>
    <ClCompile Include="src\Mantis.cpp" />
    <ClCompile Include="src\Main.cpp" />
    <ClCompile Include="src\utils\logger.cpp" />
    <ClCompile Include="src\utils\util.cpp" />
    <ClCompile Include="src\hooks\win_hooks.cpp" />
    <ClCompile Include="src\hooks\win\CreateWindowExA.cpp" />
    <ClCompile Include="src\hooks\rendering\IDirect3D9_CreateDevice.cpp" />
    <ClCompile Include="src\hooks\win\__security_check_cookie.cpp" />
    <ClCompile Include="src\hooks\rendering\D3DDevice9_EndScene.cpp" />
    <ClCompile Include="src\rendering\web_renderer.cpp" />
    <ClCompile Include="src\hooks\input\mouseProc.cpp" />
    <ClCompile Include="src\hooks\input\windowProc.cpp" />
    <ClCompile Include="src\hooks\rendering\D3DDevice9_Reset.cpp" />
    <ClCompile Include="src\hooks\rendering\D3DDevice9_BeginScene.cpp" />
    <ClCompile Include="src\hooks\engine\halo_gameTick.cpp" />
    <ClCompile Include="src\hooks\engine_hooks.cpp" />
    <ClCompile Include="src\web\web_client.cpp" />
    <ClCompile Include="src\hooks\engine\halo_verifyMapSignature.cpp" />
    <ClCompile Include="src\utils\settings.cpp" />
    <ClCompile Include="src\patches\engine_patches.cpp" />
    <ClCompile Include="src\local\user.cpp" />
  </ItemGroup>
</Project>